
Microsoft Visual Studio Solution File, Format Version 12.00
# Visual Studio Version 17
VisualStudioVersion = 17.5.33414.496
MinimumVisualStudioVersion = 10.0.40219.1
Project("{F184B08F-C81C-45F6-A57F-5ABD9991F28F}") = "PilasVB", "PilasVB\PilasVB.vbproj", "{D18F7FEC-2FAB-4EE3-BDB7-124754C73E3C}"
EndProject
Global
	GlobalSection(SolutionConfigurationPlatforms) = preSolution
		Debug|Any CPU = Debug|Any CPU
		Release|Any CPU = Release|Any CPU
	EndGlobalSection
	GlobalSection(ProjectConfigurationPlatforms) = postSolution
		{D18F7FEC-2FAB-4EE3-BDB7-124754C73E3C}.Debug|Any CPU.ActiveCfg = Debug|Any CPU
		{D18F7FEC-2FAB-4EE3-BDB7-124754C73E3C}.Debug|Any CPU.Build.0 = Debug|Any CPU
		{D18F7FEC-2FAB-4EE3-BDB7-124754C73E3C}.Release|Any CPU.ActiveCfg = Release|Any CPU
		{D18F7FEC-2FAB-4EE3-BDB7-124754C73E3C}.Release|Any CPU.Build.0 = Release|Any CPU
	EndGlobalSection
	GlobalSection(SolutionProperties) = preSolution
		HideSolutionNode = FALSE
	EndGlobalSection
	GlobalSection(ExtensibilityGlobals) = postSolution
		SolutionGuid = {16758041-8015-4ED4-8527-FDEF2FBBD307}
	EndGlobalSection
EndGlobal
